
Microsoft Visual Studio Solution File, Format Version 12.00
# Visual Studio Version 17
VisualStudioVersion = 17.11.35327.3
MinimumVisualStudioVersion = 10.0.40219.1
Project("{9A19103F-16F7-4668-BE54-9A1E7A4F7556}") = "DBIID.API", "DBIID.API\DBIID.API\DBIID.API.csproj", "{DF80FDFE-1A73-4C6B-8FA8-3E670F2384E4}"
EndProject
Project("{9A19103F-16F7-4668-BE54-9A1E7A4F7556}") = "DBIID.API.Client", "DBIID.API\DBIID.API.Client\DBIID.API.Client.csproj", "{1FD7AE7C-2620-4D84-A042-B59A6EEF2855}"
EndProject
Project("{2150E333-8FDC-42A3-9474-1A3956D46DE8}") = "src", "src", "{E3769E05-562F-46B8-993C-A717BE813B75}"
EndProject
Project("{9A19103F-16F7-4668-BE54-9A1E7A4F7556}") = "DBIID.Application", "DBIID.Application\DBIID.Application.csproj", "{CC495F48-0847-414E-9818-E23B201DD741}"
EndProject
Project("{9A19103F-16F7-4668-BE54-9A1E7A4F7556}") = "DBIID.Domain", "DBIID.Domain\DBIID.Domain.csproj", "{B10A9637-5903-4B48-A257-F7FFC4C89B48}"
EndProject
Project("{9A19103F-16F7-4668-BE54-9A1E7A4F7556}") = "DBIID.Infrastructure", "DBIID.Infrastructure\DBIID.Infrastructure.csproj", "{D9C569C6-E715-49BD-B58F-0BD6FA620E0C}"
EndProject
Project("{9A19103F-16F7-4668-BE54-9A1E7A4F7556}") = "DBIID.Shared", "DBIID.Shared\DBIID.Shared.csproj", "{3A5720B5-EE1A-4BCB-96D2-00781C162AC3}"
EndProject
Project("{2150E333-8FDC-42A3-9474-1A3956D46DE8}") = "tests", "tests", "{21937BEA-3300-4890-99A1-F95CE23DE478}"
EndProject
Project("{9A19103F-16F7-4668-BE54-9A1E7A4F7556}") = "DBIID.Tests", "DBIID.Tests\DBIID.Tests.csproj", "{220DA333-3254-4B60-9EFC-419D7D713DC5}"
EndProject
Project("{2150E333-8FDC-42A3-9474-1A3956D46DE8}") = "database", "database", "{4A611192-5CFD-48F1-BC47-12750D6F1CD8}"
EndProject
Project("{00D1A9C2-B5F0-4AF3-8072-F6C62B433612}") = "DBIID.Database", "DBIID.Database\DBIID.Database.sqlproj", "{DBB7999F-1656-43C2-9598-00E3EB1F7D60}"
EndProject
Global
	GlobalSection(SolutionConfigurationPlatforms) = preSolution
		Debug|Any CPU = Debug|Any CPU
		Release|Any CPU = Release|Any CPU
	EndGlobalSection
	GlobalSection(ProjectConfigurationPlatforms) = postSolution
		{DF80FDFE-1A73-4C6B-8FA8-3E670F2384E4}.Debug|Any CPU.ActiveCfg = Debug|Any CPU
		{DF80FDFE-1A73-4C6B-8FA8-3E670F2384E4}.Debug|Any CPU.Build.0 = Debug|Any CPU
		{DF80FDFE-1A73-4C6B-8FA8-3E670F2384E4}.Release|Any CPU.ActiveCfg = Release|Any CPU
		{DF80FDFE-1A73-4C6B-8FA8-3E670F2384E4}.Release|Any CPU.Build.0 = Release|Any CPU
		{1FD7AE7C-2620-4D84-A042-B59A6EEF2855}.Debug|Any CPU.ActiveCfg = Debug|Any CPU
		{1FD7AE7C-2620-4D84-A042-B59A6EEF2855}.Debug|Any CPU.Build.0 = Debug|Any CPU
		{1FD7AE7C-2620-4D84-A042-B59A6EEF2855}.Release|Any CPU.ActiveCfg = Release|Any CPU
		{1FD7AE7C-2620-4D84-A042-B59A6EEF2855}.Release|Any CPU.Build.0 = Release|Any CPU
		{CC495F48-0847-414E-9818-E23B201DD741}.Debug|Any CPU.ActiveCfg = Debug|Any CPU
		{CC495F48-0847-414E-9818-E23B201DD741}.Debug|Any CPU.Build.0 = Debug|Any CPU
		{CC495F48-0847-414E-9818-E23B201DD741}.Release|Any CPU.ActiveCfg = Release|Any CPU
		{CC495F48-0847-414E-9818-E23B201DD741}.Release|Any CPU.Build.0 = Release|Any CPU
		{B10A9637-5903-4B48-A257-F7FFC4C89B48}.Debug|Any CPU.ActiveCfg = Debug|Any CPU
		{B10A9637-5903-4B48-A257-F7FFC4C89B48}.Debug|Any CPU.Build.0 = Debug|Any CPU
		{B10A9637-5903-4B48-A257-F7FFC4C89B48}.Release|Any CPU.ActiveCfg = Release|Any CPU
		{B10A9637-5903-4B48-A257-F7FFC4C89B48}.Release|Any CPU.Build.0 = Release|Any CPU
		{D9C569C6-E715-49BD-B58F-0BD6FA620E0C}.Debug|Any CPU.ActiveCfg = Debug|Any CPU
		{D9C569C6-E715-49BD-B58F-0BD6FA620E0C}.Debug|Any CPU.Build.0 = Debug|Any CPU
		{D9C569C6-E715-49BD-B58F-0BD6FA620E0C}.Release|Any CPU.ActiveCfg = Release|Any CPU
		{D9C569C6-E715-49BD-B58F-0BD6FA620E0C}.Release|Any CPU.Build.0 = Release|Any CPU
		{3A5720B5-EE1A-4BCB-96D2-00781C162AC3}.Debug|Any CPU.ActiveCfg = Debug|Any CPU
		{3A5720B5-EE1A-4BCB-96D2-00781C162AC3}.Debug|Any CPU.Build.0 = Debug|Any CPU
		{3A5720B5-EE1A-4BCB-96D2-00781C162AC3}.Release|Any CPU.ActiveCfg = Release|Any CPU
		{3A5720B5-EE1A-4BCB-96D2-00781C162AC3}.Release|Any CPU.Build.0 = Release|Any CPU
		{220DA333-3254-4B60-9EFC-419D7D713DC5}.Debug|Any CPU.ActiveCfg = Debug|Any CPU
		{220DA333-3254-4B60-9EFC-419D7D713DC5}.Debug|Any CPU.Build.0 = Debug|Any CPU
		{220DA333-3254-4B60-9EFC-419D7D713DC5}.Release|Any CPU.ActiveCfg = Release|Any CPU
		{220DA333-3254-4B60-9EFC-419D7D713DC5}.Release|Any CPU.Build.0 = Release|Any CPU
		{DBB7999F-1656-43C2-9598-00E3EB1F7D60}.Debug|Any CPU.ActiveCfg = Debug|Any CPU
		{DBB7999F-1656-43C2-9598-00E3EB1F7D60}.Debug|Any CPU.Build.0 = Debug|Any CPU
		{DBB7999F-1656-43C2-9598-00E3EB1F7D60}.Debug|Any CPU.Deploy.0 = Debug|Any CPU
		{DBB7999F-1656-43C2-9598-00E3EB1F7D60}.Release|Any CPU.ActiveCfg = Release|Any CPU
		{DBB7999F-1656-43C2-9598-00E3EB1F7D60}.Release|Any CPU.Build.0 = Release|Any CPU
		{DBB7999F-1656-43C2-9598-00E3EB1F7D60}.Release|Any CPU.Deploy.0 = Release|Any CPU
	EndGlobalSection
	GlobalSection(SolutionProperties) = preSolution
		HideSolutionNode = FALSE
	EndGlobalSection
	GlobalSection(NestedProjects) = preSolution
		{DF80FDFE-1A73-4C6B-8FA8-3E670F2384E4} = {E3769E05-562F-46B8-993C-A717BE813B75}
		{1FD7AE7C-2620-4D84-A042-B59A6EEF2855} = {E3769E05-562F-46B8-993C-A717BE813B75}
		{CC495F48-0847-414E-9818-E23B201DD741} = {E3769E05-562F-46B8-993C-A717BE813B75}
		{B10A9637-5903-4B48-A257-F7FFC4C89B48} = {E3769E05-562F-46B8-993C-A717BE813B75}
		{D9C569C6-E715-49BD-B58F-0BD6FA620E0C} = {E3769E05-562F-46B8-993C-A717BE813B75}
		{3A5720B5-EE1A-4BCB-96D2-00781C162AC3} = {E3769E05-562F-46B8-993C-A717BE813B75}
		{220DA333-3254-4B60-9EFC-419D7D713DC5} = {21937BEA-3300-4890-99A1-F95CE23DE478}
		{DBB7999F-1656-43C2-9598-00E3EB1F7D60} = {4A611192-5CFD-48F1-BC47-12750D6F1CD8}
	EndGlobalSection
	GlobalSection(ExtensibilityGlobals) = postSolution
		SolutionGuid = {58320F20-CFA5-459B-887E-28EC964F4F7B}
	EndGlobalSection
EndGlobal
